hash: b2d815693f43553e868ae5b827a4c7bc4e00acdace91ed324887c4bb5b386151
updated: 2018-05-26T10:54:13.161756-07:00
imports:
- name: bazil.org/fuse
  version: 371fbbdaa8987b715bdd21d6adc4c9b20155f748
  subpackages:
  - fs
  - fuseutil
- name: github.com/ansel1/merry
  version: 2f92759fd5ad7ea9dc77b73b909b3132b9a5912e
- name: github.com/droundy/goopt
  version: 0b8effe182da161d81b011aba271507324ecb7ab
- name: github.com/go-errors/errors
  version: 3afebba5a48dbc89b574d890b6b34d9ee10b4785
- name: github.com/pkg/profile
  version: 5b67d428864e92711fcbd2f8629456121a56d91f
- name: github.com/sirupsen/logrus
  version: 89742aefa4b206dcf400792f3bd35b542998eb3b
- name: github.com/stretchr/testify
  version: 2aa2c176b9dab406a6970f6a55f513e8a8c8b18f
  subpackages:
  - assert
- name: github.com/swiftstack/cstruct
  version: 5f7d9b06c7662151d3a3c20cecf0ed5eaae3582f
- name: github.com/swiftstack/sortedmap
  version: 3ae85abd8cd438ddb4c5df92fcff25207aabc134
- name: golang.org/x/crypto
  version: bd6f299fb381e4c3393d1c4b1f0b94f5e77650c8
  subpackages:
  - ssh/terminal
- name: golang.org/x/net
  version: 49e6db1c9ed2b2fdbc57fd579f0ca8f6082350be
  subpackages:
  - context
- name: golang.org/x/sys
  version: 95c6576299259db960f6c5b9b69ea52422860fce
  subpackages:
  - unix
  - windows
- name: golang.org/x/tools
  version: 9b61fcc4c548d69663d915801fc4b42a43b6cd9c
  subpackages:
  - cmd/stringer
testImports:
- name: github.com/davecgh/go-spew
  version: 04cdfd42973bb9c8589fd6a731800cf222fde1a9
  subpackages:
  - spew
- name: github.com/pmezard/go-difflib
  version: d8ed2627bdf02c080bf22230dbb337003b7aba2d
  subpackages:
  - difflib
