hash: 203b9e910318e7042372cb61f10b971f00e649347370fb6a70004e9775e2d18a
updated: 2017-07-05T15:07:30.818309093-07:00
imports:
- name: bazil.org/fuse
  version: 371fbbdaa8987b715bdd21d6adc4c9b20155f748
  subpackages:
  - fs
  - fuseutil
- name: github.com/ansel1/merry
  version: c117be056e0013c04fd7c4141a4dd68672943526
- name: github.com/droundy/goopt
  version: 0b8effe182da161d81b011aba271507324ecb7ab
- name: github.com/go-errors/errors
  version: 8fa88b06e5974e97fbf9899a7f86a344bfd1f105
- name: github.com/pkg/profile
  version: 5b67d428864e92711fcbd2f8629456121a56d91f
- name: github.com/Sirupsen/logrus
  version: 7dd06bf38e1e13df288d471a57d5adbac106be9e
- name: github.com/stretchr/testify
  version: f6abca593680b2315d2075e0f5e2a9751e3f431a
  subpackages:
  - assert
- name: github.com/swiftstack/conf
  version: 26e8da4dcfcb776d9bd3843b38c96dce0c116629
- name: github.com/swiftstack/cstruct
  version: d95eae1090e554a03651062ec2fee2627df9b23b
- name: github.com/swiftstack/sortedmap
  version: 36475f2556f000b821290f4a95f1c89378029a86
- name: golang.org/x/net
  version: 570fa1c91359c1869590e9cedf3b53162a51a167
  subpackages:
  - context
- name: golang.org/x/sys
  version: 6faef541c73732f438fb660a212750a9ba9f9362
  subpackages:
  - unix
- name: golang.org/x/tools
  version: c2d03f470b3e28d9e9eb89e22c8023f2642e802c
  subpackages:
  - cmd/stringer
testImports:
- name: github.com/davecgh/go-spew
  version: 04cdfd42973bb9c8589fd6a731800cf222fde1a9
  subpackages:
  - spew
- name: github.com/pmezard/go-difflib
  version: d8ed2627bdf02c080bf22230dbb337003b7aba2d
  subpackages:
  - difflib
